
Microsoft Visual Studio Solution File, Format Version 12.00
# Visual Studio Version 17
VisualStudioVersion = 17.4.33213.308
MinimumVisualStudioVersion = 10.0.40219.1
Project("{9A19103F-16F7-4668-BE54-9A1E7A4F7556}") = "UI", "BloodBank\UI.csproj", "{2D1A90C6-B940-4AC3-888D-6D5F492634C9}"
EndProject
Project("{9A19103F-16F7-4668-BE54-9A1E7A4F7556}") = "Domain", "Domain\Domain.csproj", "{CDE0C3E3-1DBB-43EB-AEBB-C7D04B5683EB}"
EndProject
Project("{9A19103F-16F7-4668-BE54-9A1E7A4F7556}") = "Infrastructure", "Infrastructure\Infrastructure.csproj", "{E4ED0B7A-1787-4922-ADC8-C7631CDFF64F}"
EndProject
Project("{9A19103F-16F7-4668-BE54-9A1E7A4F7556}") = "Application", "Application\Application.csproj", "{85A52DA1-5A7B-4A69-97B7-272DCDCB9A2C}"
EndProject
Global
	GlobalSection(SolutionConfigurationPlatforms) = preSolution
		Debug|Any CPU = Debug|Any CPU
		Release|Any CPU = Release|Any CPU
	EndGlobalSection
	GlobalSection(ProjectConfigurationPlatforms) = postSolution
		{2D1A90C6-B940-4AC3-888D-6D5F492634C9}.Debug|Any CPU.ActiveCfg = Debug|Any CPU
		{2D1A90C6-B940-4AC3-888D-6D5F492634C9}.Debug|Any CPU.Build.0 = Debug|Any CPU
		{2D1A90C6-B940-4AC3-888D-6D5F492634C9}.Release|Any CPU.ActiveCfg = Release|Any CPU
		{2D1A90C6-B940-4AC3-888D-6D5F492634C9}.Release|Any CPU.Build.0 = Release|Any CPU
		{CDE0C3E3-1DBB-43EB-AEBB-C7D04B5683EB}.Debug|Any CPU.ActiveCfg = Debug|Any CPU
		{CDE0C3E3-1DBB-43EB-AEBB-C7D04B5683EB}.Debug|Any CPU.Build.0 = Debug|Any CPU
		{CDE0C3E3-1DBB-43EB-AEBB-C7D04B5683EB}.Release|Any CPU.ActiveCfg = Release|Any CPU
		{CDE0C3E3-1DBB-43EB-AEBB-C7D04B5683EB}.Release|Any CPU.Build.0 = Release|Any CPU
		{E4ED0B7A-1787-4922-ADC8-C7631CDFF64F}.Debug|Any CPU.ActiveCfg = Debug|Any CPU
		{E4ED0B7A-1787-4922-ADC8-C7631CDFF64F}.Debug|Any CPU.Build.0 = Debug|Any CPU
		{E4ED0B7A-1787-4922-ADC8-C7631CDFF64F}.Release|Any CPU.ActiveCfg = Release|Any CPU
		{E4ED0B7A-1787-4922-ADC8-C7631CDFF64F}.Release|Any CPU.Build.0 = Release|Any CPU
		{85A52DA1-5A7B-4A69-97B7-272DCDCB9A2C}.Debug|Any CPU.ActiveCfg = Debug|Any CPU
		{85A52DA1-5A7B-4A69-97B7-272DCDCB9A2C}.Debug|Any CPU.Build.0 = Debug|Any CPU
		{85A52DA1-5A7B-4A69-97B7-272DCDCB9A2C}.Release|Any CPU.ActiveCfg = Release|Any CPU
		{85A52DA1-5A7B-4A69-97B7-272DCDCB9A2C}.Release|Any CPU.Build.0 = Release|Any CPU
	EndGlobalSection
	GlobalSection(SolutionProperties) = preSolution
		HideSolutionNode = FALSE
	EndGlobalSection
	GlobalSection(ExtensibilityGlobals) = postSolution
		SolutionGuid = {7F666979-61D0-409E-AB9E-3292D4B880E2}
	EndGlobalSection
EndGlobal
